
Microsoft Visual Studio Solution File, Format Version 12.00
# Visual Studio Version 17
VisualStudioVersion = 17.14.36109.1
MinimumVisualStudioVersion = 10.0.40219.1
Project("{FAE04EC0-301F-11D3-BF4B-00C04F79EFBC}") = "SCleanArchitecture.SimpleAPI", "SCleanArchitecture.impleAPI\SCleanArchitecture.SimpleAPI.csproj", "{E55FCD50-4845-4589-ACD5-632171B0E0C8}"
EndProject
Project("{FAE04EC0-301F-11D3-BF4B-00C04F79EFBC}") = "CleanArchitecture.Domain", "CleanArchitecture.Domain\CleanArchitecture.Domain.csproj", "{335E634F-27BD-4BA4-845D-12C71B99FE94}"
EndProject
Project("{FAE04EC0-301F-11D3-BF4B-00C04F79EFBC}") = "CleanArchitecture.Application", "CleanArchitecture.Application\CleanArchitecture.Application.csproj", "{E5DEFA40-4B4A-4766-B360-532537116C2E}"
EndProject
Project("{FAE04EC0-301F-11D3-BF4B-00C04F79EFBC}") = "CleanArchitecture.Infrastructure", "CleanArchitecture.Infrastructure\CleanArchitecture.Infrastructure.csproj", "{6536D13B-E52F-4283-8006-EFE368AFCFAA}"
EndProject
Project("{2150E333-8FDC-42A3-9474-1A3956D46DE8}") = "c:", "c:\\", "{B3172BBF-1F96-4909-9258-F2EDD23DEC92}"
EndProject
Project("{2150E333-8FDC-42A3-9474-1A3956D46DE8}") = "thirdcs", "thirdcs", "{1DB0D37F-AC98-4FF1-9F96-FC2844BDAAAC}"
EndProject
Project("{FAE04EC0-301F-11D3-BF4B-00C04F79EFBC}") = "WebApplication3", "c:\thirdcs\WebApplication3\WebApplication3.csproj", "{B928ED9E-2CE5-4D7F-BB40-C26F3BCDF832}"
EndProject
Project("{2150E333-8FDC-42A3-9474-1A3956D46DE8}") = "c:", "c:\", "{1498563F-7D53-46B9-8F30-B1837FF1A701}"
EndProject
Project("{2150E333-8FDC-42A3-9474-1A3956D46DE8}") = "Users", "Users", "{99AED854-F468-44B6-8ECD-16EECB91824B}"
EndProject
Project("{2150E333-8FDC-42A3-9474-1A3956D46DE8}") = "MC", "MC", "{E3B776BA-AA83-4331-96DB-AFB116EF0590}"
EndProject
Project("{2150E333-8FDC-42A3-9474-1A3956D46DE8}") = "Desktop", "Desktop", "{186B796F-3570-43AD-B4E8-50736B9B79B5}"
EndProject
Project("{2150E333-8FDC-42A3-9474-1A3956D46DE8}") = "ThirdC#", "ThirdC#", "{8A1BE63C-3093-4E18-BF38-8FEBDB398E4E}"
EndProject
Project("{FAE04EC0-301F-11D3-BF4B-00C04F79EFBC}") = "WebApplicat3", "c:\Users\MC\Desktop\ThirdC#\WebApplicat3\WebApplicat3.csproj", "{9C8832BC-E7EF-430D-975C-B1A39BF20E87}"
EndProject
Global
	GlobalSection(SolutionConfigurationPlatforms) = preSolution
		Debug|Any CPU = Debug|Any CPU
		Release|Any CPU = Release|Any CPU
	EndGlobalSection
	GlobalSection(ProjectConfigurationPlatforms) = postSolution
		{E55FCD50-4845-4589-ACD5-632171B0E0C8}.Debug|Any CPU.ActiveCfg = Debug|Any CPU
		{E55FCD50-4845-4589-ACD5-632171B0E0C8}.Debug|Any CPU.Build.0 = Debug|Any CPU
		{E55FCD50-4845-4589-ACD5-632171B0E0C8}.Release|Any CPU.ActiveCfg = Release|Any CPU
		{E55FCD50-4845-4589-ACD5-632171B0E0C8}.Release|Any CPU.Build.0 = Release|Any CPU
		{335E634F-27BD-4BA4-845D-12C71B99FE94}.Debug|Any CPU.ActiveCfg = Debug|Any CPU
		{335E634F-27BD-4BA4-845D-12C71B99FE94}.Debug|Any CPU.Build.0 = Debug|Any CPU
		{335E634F-27BD-4BA4-845D-12C71B99FE94}.Release|Any CPU.ActiveCfg = Release|Any CPU
		{335E634F-27BD-4BA4-845D-12C71B99FE94}.Release|Any CPU.Build.0 = Release|Any CPU
		{E5DEFA40-4B4A-4766-B360-532537116C2E}.Debug|Any CPU.ActiveCfg = Debug|Any CPU
		{E5DEFA40-4B4A-4766-B360-532537116C2E}.Debug|Any CPU.Build.0 = Debug|Any CPU
		{E5DEFA40-4B4A-4766-B360-532537116C2E}.Release|Any CPU.ActiveCfg = Release|Any CPU
		{E5DEFA40-4B4A-4766-B360-532537116C2E}.Release|Any CPU.Build.0 = Release|Any CPU
		{6536D13B-E52F-4283-8006-EFE368AFCFAA}.Debug|Any CPU.ActiveCfg = Debug|Any CPU
		{6536D13B-E52F-4283-8006-EFE368AFCFAA}.Debug|Any CPU.Build.0 = Debug|Any CPU
		{6536D13B-E52F-4283-8006-EFE368AFCFAA}.Release|Any CPU.ActiveCfg = Release|Any CPU
		{6536D13B-E52F-4283-8006-EFE368AFCFAA}.Release|Any CPU.Build.0 = Release|Any CPU
		{B928ED9E-2CE5-4D7F-BB40-C26F3BCDF832}.Debug|Any CPU.ActiveCfg = Debug|Any CPU
		{B928ED9E-2CE5-4D7F-BB40-C26F3BCDF832}.Debug|Any CPU.Build.0 = Debug|Any CPU
		{B928ED9E-2CE5-4D7F-BB40-C26F3BCDF832}.Release|Any CPU.ActiveCfg = Release|Any CPU
		{B928ED9E-2CE5-4D7F-BB40-C26F3BCDF832}.Release|Any CPU.Build.0 = Release|Any CPU
		{9C8832BC-E7EF-430D-975C-B1A39BF20E87}.Debug|Any CPU.ActiveCfg = Debug|Any CPU
		{9C8832BC-E7EF-430D-975C-B1A39BF20E87}.Debug|Any CPU.Build.0 = Debug|Any CPU
		{9C8832BC-E7EF-430D-975C-B1A39BF20E87}.Release|Any CPU.ActiveCfg = Release|Any CPU
		{9C8832BC-E7EF-430D-975C-B1A39BF20E87}.Release|Any CPU.Build.0 = Release|Any CPU
	EndGlobalSection
	GlobalSection(SolutionProperties) = preSolution
		HideSolutionNode = FALSE
	EndGlobalSection
	GlobalSection(ExtensibilityGlobals) = postSolution
		SolutionGuid = {2D406084-AFD1-4974-A421-2C8683489AEC}
	EndGlobalSection
	GlobalSection(NestedProjects) = preSolution
		{1DB0D37F-AC98-4FF1-9F96-FC2844BDAAAC} = {B3172BBF-1F96-4909-9258-F2EDD23DEC92}
		{B928ED9E-2CE5-4D7F-BB40-C26F3BCDF832} = {1DB0D37F-AC98-4FF1-9F96-FC2844BDAAAC}
		{99AED854-F468-44B6-8ECD-16EECB91824B} = {1498563F-7D53-46B9-8F30-B1837FF1A701}
		{E3B776BA-AA83-4331-96DB-AFB116EF0590} = {99AED854-F468-44B6-8ECD-16EECB91824B}
		{186B796F-3570-43AD-B4E8-50736B9B79B5} = {E3B776BA-AA83-4331-96DB-AFB116EF0590}
		{8A1BE63C-3093-4E18-BF38-8FEBDB398E4E} = {186B796F-3570-43AD-B4E8-50736B9B79B5}
		{9C8832BC-E7EF-430D-975C-B1A39BF20E87} = {8A1BE63C-3093-4E18-BF38-8FEBDB398E4E}
	EndGlobalSection
EndGlobal
